
Microsoft Visual Studio Solution File, Format Version 12.00
Project("{FAE04EC0-301F-11D3-BF4B-00C04F79EFBC}") = "TestWire.cli", "TestWire.cli\TestWire.cli.csproj", "{C0C1E4BA-B555-4A0A-ABEB-1EB1FDA3A392}"
EndProject
Global
	GlobalSection(SolutionConfigurationPlatforms) = preSolution
		Debug|Any CPU = Debug|Any CPU
		Release|Any CPU = Release|Any CPU
	EndGlobalSection
	GlobalSection(ProjectConfigurationPlatforms) = postSolution
		{C0C1E4BA-B555-4A0A-ABEB-1EB1FDA3A392}.Debug|Any CPU.ActiveCfg = Debug|Any CPU
		{C0C1E4BA-B555-4A0A-ABEB-1EB1FDA3A392}.Debug|Any CPU.Build.0 = Debug|Any CPU
		{C0C1E4BA-B555-4A0A-ABEB-1EB1FDA3A392}.Release|Any CPU.ActiveCfg = Release|Any CPU
		{C0C1E4BA-B555-4A0A-ABEB-1EB1FDA3A392}.Release|Any CPU.Build.0 = Release|Any CPU
	EndGlobalSection
EndGlobal
